
Microsoft Visual Studio Solution File, Format Version 12.00
# Visual Studio Version 17
VisualStudioVersion = 17.3.32825.248
MinimumVisualStudioVersion = 10.0.40219.1
Project("{FAE04EC0-301F-11D3-BF4B-00C04F79EFBC}") = "E-TradeProje", "E-TradeProje\E-TradeProje.csproj", "{0903C37D-D4B6-48BD-B65F-7BC3E67C6505}"
EndProject
Global
	GlobalSection(SolutionConfigurationPlatforms) = preSolution
		Debug|Any CPU = Debug|Any CPU
		Release|Any CPU = Release|Any CPU
	EndGlobalSection
	GlobalSection(ProjectConfigurationPlatforms) = postSolution
		{0903C37D-D4B6-48BD-B65F-7BC3E67C6505}.Debug|Any CPU.ActiveCfg = Debug|Any CPU
		{0903C37D-D4B6-48BD-B65F-7BC3E67C6505}.Debug|Any CPU.Build.0 = Debug|Any CPU
		{0903C37D-D4B6-48BD-B65F-7BC3E67C6505}.Release|Any CPU.ActiveCfg = Release|Any CPU
		{0903C37D-D4B6-48BD-B65F-7BC3E67C6505}.Release|Any CPU.Build.0 = Release|Any CPU
	EndGlobalSection
	GlobalSection(SolutionProperties) = preSolution
		HideSolutionNode = FALSE
	EndGlobalSection
	GlobalSection(ExtensibilityGlobals) = postSolution
		SolutionGuid = {8DC8A435-9EF3-4E33-9D3F-146EDE12DFC6}
	EndGlobalSection
EndGlobal
